// !$*UTF8*$!
{
	archiveVersion = 1;
	classes = {
	};
	objectVersion = 46;
	objects = {

/* Begin PBXBuildFile section */
		0B5DB73F1CFE175300E85B99 /* AchievmentsViewController.swift in Sources */ = {isa = PBXBuildFile; fileRef = 0B5DB73E1CFE175300E85B99 /* AchievmentsViewController.swift */; };
		0B5DB7411CFE29B100E85B99 /* HomeNavigationViewController.swift in Sources */ = {isa = PBXBuildFile; fileRef = 0B5DB7401CFE29B100E85B99 /* HomeNavigationViewController.swift */; };
		0B64ECF21CEF90A3007330A5 /* ResidencePermitViewController.swift in Sources */ = {isa = PBXBuildFile; fileRef = 0B64ECF11CEF90A3007330A5 /* ResidencePermitViewController.swift */; };
		0B64ECF41CEF9156007330A5 /* StudentUnionFeeViewController.swift in Sources */ = {isa = PBXBuildFile; fileRef = 0B64ECF31CEF9156007330A5 /* StudentUnionFeeViewController.swift */; };
		0B64ECF61CEF927D007330A5 /* SendVisaViewController.swift in Sources */ = {isa = PBXBuildFile; fileRef = 0B64ECF51CEF927D007330A5 /* SendVisaViewController.swift */; };
		0B64ECF81CEF9332007330A5 /* RegisterCourseViewController.swift in Sources */ = {isa = PBXBuildFile; fileRef = 0B64ECF71CEF9332007330A5 /* RegisterCourseViewController.swift */; };
		0B64ECFA1CEF9DCD007330A5 /* MeldezettelViewController.swift in Sources */ = {isa = PBXBuildFile; fileRef = 0B64ECF91CEF9DCD007330A5 /* MeldezettelViewController.swift */; };
		0B64ECFE1CF00789007330A5 /* KDCircularProgress.swift in Sources */ = {isa = PBXBuildFile; fileRef = 0B64ECFD1CF00789007330A5 /* KDCircularProgress.swift */; };
		0B64ED001CF070BA007330A5 /* SettingViewController.swift in Sources */ = {isa = PBXBuildFile; fileRef = 0B64ECFF1CF070BA007330A5 /* SettingViewController.swift */; };
		0BB6E3AA1CF0B4EA00203411 /* ConfirmationOfRegistrationViewController.swift in Sources */ = {isa = PBXBuildFile; fileRef = 0BB6E3A91CF0B4EA00203411 /* ConfirmationOfRegistrationViewController.swift */; };
		0BB6E3AC1CF0CF3F00203411 /* ValidatteStudentIDViewController.swift in Sources */ = {isa = PBXBuildFile; fileRef = 0BB6E3AB1CF0CF3F00203411 /* ValidatteStudentIDViewController.swift */; };
		0BE6FE601CDFA25900A5849A /* MustDoViewController.swift in Sources */ = {isa = PBXBuildFile; fileRef = 0BE6FE5F1CDFA25900A5849A /* MustDoViewController.swift */; };
		0BE6FE621CDFAAD100A5849A /* RegistrationWithGrazViewController.swift in Sources */ = {isa = PBXBuildFile; fileRef = 0BE6FE611CDFAAD100A5849A /* RegistrationWithGrazViewController.swift */; };
		990C6D4E1CBF94D70085F70E /* AppDelegate.swift in Sources */ = {isa = PBXBuildFile; fileRef = 990C6D4D1CBF94D70085F70E /* AppDelegate.swift */; };
		990C6D501CBF94D70085F70E /* FirstViewController.swift in Sources */ = {isa = PBXBuildFile; fileRef = 990C6D4F1CBF94D70085F70E /* FirstViewController.swift */; };
		990C6D551CBF94D80085F70E /* Main.storyboard in Resources */ = {isa = PBXBuildFile; fileRef = 990C6D531CBF94D80085F70E /* Main.storyboard */; };
		990C6D571CBF94D80085F70E /* Assets.xcassets in Resources */ = {isa = PBXBuildFile; fileRef = 990C6D561CBF94D80085F70E /* Assets.xcassets */; };
		990C6D5A1CBF94D80085F70E /* LaunchScreen.storyboard in Resources */ = {isa = PBXBuildFile; fileRef = 990C6D581CBF94D80085F70E /* LaunchScreen.storyboard */; };
		992BD3E91D040FF9000773A1 /* s4.jpg in Resources */ = {isa = PBXBuildFile; fileRef = 992BD3E71D040FF9000773A1 /* s4.jpg */; };
		992BD3EA1D040FF9000773A1 /* s5.jpg in Resources */ = {isa = PBXBuildFile; fileRef = 992BD3E81D040FF9000773A1 /* s5.jpg */; };
		992BD3EE1D041789000773A1 /* infoblue.png in Resources */ = {isa = PBXBuildFile; fileRef = 992BD3ED1D041789000773A1 /* infoblue.png */; };
		9937C4D01CFDB87300F6FF8B /* Freetime Scene.swift in Sources */ = {isa = PBXBuildFile; fileRef = 9937C4CF1CFDB87300F6FF8B /* Freetime Scene.swift */; };
		995E76AF1CC3B0B2004C2C85 /* TUMapAnnotations.plist in Resources */ = {isa = PBXBuildFile; fileRef = 995E76AE1CC3B0B2004C2C85 /* TUMapAnnotations.plist */; };
		995E76B11CC3CC70004C2C85 /* Freetime.swift in Sources */ = {isa = PBXBuildFile; fileRef = 995E76B01CC3CC70004C2C85 /* Freetime.swift */; };
		99C0D9D41CFF3A840020FD5F /* ESNView.swift in Sources */ = {isa = PBXBuildFile; fileRef = 99C0D9D31CFF3A840020FD5F /* ESNView.swift */; };
		99D338E31CFDDC1600C49FA2 /* App_Erasmus_TU.png in Resources */ = {isa = PBXBuildFile; fileRef = 99D338DB1CFDDC1600C49FA2 /* App_Erasmus_TU.png */; };
		99D338E41CFDDC1600C49FA2 /* App_ERasmus_Logo.png in Resources */ = {isa = PBXBuildFile; fileRef = 99D338DC1CFDDC1600C49FA2 /* App_ERasmus_Logo.png */; };
		99D338E51CFDDC1600C49FA2 /* App_Erasmus_Free_Time.png in Resources */ = {isa = PBXBuildFile; fileRef = 99D338DD1CFDDC1600C49FA2 /* App_Erasmus_Free_Time.png */; };
		99D338E61CFDDC1600C49FA2 /* App_Erasmus_MAp.png in Resources */ = {isa = PBXBuildFile; fileRef = 99D338DE1CFDDC1600C49FA2 /* App_Erasmus_MAp.png */; };
		99D338E71CFDDC1600C49FA2 /* App_Erasmus_Home.png in Resources */ = {isa = PBXBuildFile; fileRef = 99D338DF1CFDDC1600C49FA2 /* App_Erasmus_Home.png */; };
		99D338E81CFDDC1600C49FA2 /* App_Erasmus_Information.png in Resources */ = {isa = PBXBuildFile; fileRef = 99D338E01CFDDC1600C49FA2 /* App_Erasmus_Information.png */; };
		99D338E91CFDDC1600C49FA2 /* Icon_Trash.png in Resources */ = {isa = PBXBuildFile; fileRef = 99D338E11CFDDC1600C49FA2 /* Icon_Trash.png */; };
		99D338EA1CFDDC1600C49FA2 /* Icon_X.png in Resources */ = {isa = PBXBuildFile; fileRef = 99D338E21CFDDC1600C49FA2 /* Icon_X.png */; };
		99D338EE1CFDE33E00C49FA2 /* Settings-50.png in Resources */ = {isa = PBXBuildFile; fileRef = 99D338ED1CFDE33E00C49FA2 /* Settings-50.png */; };
		99D9F5311CFED35D003A837E /* SportsView.swift in Sources */ = {isa = PBXBuildFile; fileRef = 99D9F5301CFED35D003A837E /* SportsView.swift */; };
		99D9F5331CFED6DE003A837E /* SportCollectionViewCell.swift in Sources */ = {isa = PBXBuildFile; fileRef = 99D9F5321CFED6DE003A837E /* SportCollectionViewCell.swift */; };
		99D9F5351CFED733003A837E /* SportDetailViewController.swift in Sources */ = {isa = PBXBuildFile; fileRef = 99D9F5341CFED733003A837E /* SportDetailViewController.swift */; };
		99D9F5381CFED8E0003A837E /* s2.jpg in Resources */ = {isa = PBXBuildFile; fileRef = 99D9F5361CFED8E0003A837E /* s2.jpg */; };
		99D9F5391CFED8E0003A837E /* s1.jpg in Resources */ = {isa = PBXBuildFile; fileRef = 99D9F5371CFED8E0003A837E /* s1.jpg */; };
		99D9F53B1CFEDF77003A837E /* s3.jpg in Resources */ = {isa = PBXBuildFile; fileRef = 99D9F53A1CFEDF77003A837E /* s3.jpg */; };
		99FBEB621CBFCEC1001E5946 /* MapViewController.swift in Sources */ = {isa = PBXBuildFile; fileRef = 99FBEB611CBFCEC1001E5946 /* MapViewController.swift */; };
		99FCDA2A1CF308150094D373 /* MapOptions.swift in Sources */ = {isa = PBXBuildFile; fileRef = 99FCDA291CF308150094D373 /* MapOptions.swift */; };
		99FCDA2C1CF322BB0094D373 /* FreetimeAnnotations.plist in Resources */ = {isa = PBXBuildFile; fileRef = 99FCDA2B1CF322BB0094D373 /* FreetimeAnnotations.plist */; };
		99FCDA2E1CF44A9E0094D373 /* RestaurantView.swift in Sources */ = {isa = PBXBuildFile; fileRef = 99FCDA2D1CF44A9E0094D373 /* RestaurantView.swift */; };
		D015B7F81CEF339D00CBE874 /* TUMainViewController.swift in Sources */ = {isa = PBXBuildFile; fileRef = D015B7F71CEF339D00CBE874 /* TUMainViewController.swift */; };
		D015B7FA1CEF6A5F00CBE874 /* DepartmentCoordViewController.swift in Sources */ = {isa = PBXBuildFile; fileRef = D015B7F91CEF6A5F00CBE874 /* DepartmentCoordViewController.swift */; };
		D06436861CEB427100AEAE1E /* Alte.gif in Resources */ = {isa = PBXBuildFile; fileRef = D06436851CEB427100AEAE1E /* Alte.gif */; };
		D064368A1CEB6C0D00AEAE1E /* AlteControllerViewController.swift in Sources */ = {isa = PBXBuildFile; fileRef = D06436891CEB6C0D00AEAE1E /* AlteControllerViewController.swift */; };
		D06436901CEB781F00AEAE1E /* Gitte.png in Resources */ = {isa = PBXBuildFile; fileRef = D064368F1CEB781F00AEAE1E /* Gitte.png */; };
		D06436921CEB785700AEAE1E /* Barbara.png in Resources */ = {isa = PBXBuildFile; fileRef = D06436911CEB785700AEAE1E /* Barbara.png */; };
		D06436941CEB786C00AEAE1E /* maria.png in Resources */ = {isa = PBXBuildFile; fileRef = D06436931CEB786C00AEAE1E /* maria.png */; };
		D06436961CEB788100AEAE1E /* anja.png in Resources */ = {isa = PBXBuildFile; fileRef = D06436951CEB788100AEAE1E /* anja.png */; };
		D06436981CEB807800AEAE1E /* call.png in Resources */ = {isa = PBXBuildFile; fileRef = D06436971CEB807800AEAE1E /* call.png */; };
		D064369A1CEB818300AEAE1E /* call1.png in Resources */ = {isa = PBXBuildFile; fileRef = D06436991CEB818300AEAE1E /* call1.png */; };
		D0776A811D01AC100085BDF8 /* mapinfeld.gif in Resources */ = {isa = PBXBuildFile; fileRef = D0776A801D01AC100085BDF8 /* mapinfeld.gif */; };
		D0ABF8CD1D01FB730074EFA1 /* MessageUI.framework in Frameworks */ = {isa = PBXBuildFile; fileRef = D0ABF8CC1D01FB730074EFA1 /* MessageUI.framework */; };
		D0CDDD8C1CED031C0015E19A /* InternationalOfficeViewController.swift in Sources */ = {isa = PBXBuildFile; fileRef = D0CDDD8B1CED031C0015E19A /* InternationalOfficeViewController.swift */; };
		D0CDDD901CED243D0015E19A /* TUOnlineViewController.swift in Sources */ = {isa = PBXBuildFile; fileRef = D0CDDD8F1CED243D0015E19A /* TUOnlineViewController.swift */; };
		D0CDDD921CED8E650015E19A /* CourseRegistrationViewController.swift in Sources */ = {isa = PBXBuildFile; fileRef = D0CDDD911CED8E650015E19A /* CourseRegistrationViewController.swift */; };
		D0CDDD971CEDA2FB0015E19A /* TUTutorialViewController.swift in Sources */ = {isa = PBXBuildFile; fileRef = D0CDDD961CEDA2FB0015E19A /* TUTutorialViewController.swift */; };
		D0CDDD991CEDA3E30015E19A /* TUonline.pdf in Resources */ = {isa = PBXBuildFile; fileRef = D0CDDD981CEDA3E30015E19A /* TUonline.pdf */; };
		D0CDDD9B1CEDBAFA0015E19A /* email1.png in Resources */ = {isa = PBXBuildFile; fileRef = D0CDDD9A1CEDBAFA0015E19A /* email1.png */; };
		D0CDDD9D1CEDBBA30015E19A /* icon-locatie.png in Resources */ = {isa = PBXBuildFile; fileRef = D0CDDD9C1CEDBBA30015E19A /* icon-locatie.png */; };
		D0CDDE031CEE749D0015E19A /* phone-call.png in Resources */ = {isa = PBXBuildFile; fileRef = D0CDDE021CEE749D0015E19A /* phone-call.png */; };
		D0CF05581CFF6830000E1C0F /* PhoneViewController.swift in Sources */ = {isa = PBXBuildFile; fileRef = D0CF05571CFF6830000E1C0F /* PhoneViewController.swift */; };
		D0CF055C1CFF6A10000E1C0F /* HousingViewController.swift in Sources */ = {isa = PBXBuildFile; fileRef = D0CF055B1CFF6A10000E1C0F /* HousingViewController.swift */; };
		D0CF349A1CEF79BB0080F784 /* registerCourse.pdf in Resources */ = {isa = PBXBuildFile; fileRef = D0CF34991CEF79BB0080F784 /* registerCourse.pdf */; };
		D0DE5F9C1CF45269004FA3A2 /* Neue.gif in Resources */ = {isa = PBXBuildFile; fileRef = D0DE5F9B1CF45269004FA3A2 /* Neue.gif */; };
		D0DE5F9E1CF4542C004FA3A2 /* DepartmentInfoViewController.swift in Sources */ = {isa = PBXBuildFile; fileRef = D0DE5F9D1CF4542C004FA3A2 /* DepartmentInfoViewController.swift */; };
		D0E529F61CFF4DF200672D03 /* UsefulViewController.swift in Sources */ = {isa = PBXBuildFile; fileRef = D0E529F51CFF4DF200672D03 /* UsefulViewController.swift */; };
/* End PBXBuildFile section */

/* Begin PBXFileReference section */
		0B5DB73E1CFE175300E85B99 /* AchievmentsViewController.swift */ = {isa = PBXFileReference; fileEncoding = 4; lastKnownFileType = sourcecode.swift; path = AchievmentsViewController.swift; sourceTree = "<group>"; };
		0B5DB7401CFE29B100E85B99 /* HomeNavigationViewController.swift */ = {isa = PBXFileReference; fileEncoding = 4; lastKnownFileType = sourcecode.swift; path = HomeNavigationViewController.swift; sourceTree = "<group>"; };
		0B64ECF11CEF90A3007330A5 /* ResidencePermitViewController.swift */ = {isa = PBXFileReference; fileEncoding = 4; lastKnownFileType = sourcecode.swift; path = ResidencePermitViewController.swift; sourceTree = "<group>"; };
		0B64ECF31CEF9156007330A5 /* StudentUnionFeeViewController.swift */ = {isa = PBXFileReference; fileEncoding = 4; lastKnownFileType = sourcecode.swift; path = StudentUnionFeeViewController.swift; sourceTree = "<group>"; };
		0B64ECF51CEF927D007330A5 /* SendVisaViewController.swift */ = {isa = PBXFileReference; fileEncoding = 4; lastKnownFileType = sourcecode.swift; path = SendVisaViewController.swift; sourceTree = "<group>"; };
		0B64ECF71CEF9332007330A5 /* RegisterCourseViewController.swift */ = {isa = PBXFileReference; fileEncoding = 4; lastKnownFileType = sourcecode.swift; path = RegisterCourseViewController.swift; sourceTree = "<group>"; };
		0B64ECF91CEF9DCD007330A5 /* MeldezettelViewController.swift */ = {isa = PBXFileReference; fileEncoding = 4; lastKnownFileType = sourcecode.swift; path = MeldezettelViewController.swift; sourceTree = "<group>"; };
		0B64ECFD1CF00789007330A5 /* KDCircularProgress.swift */ = {isa = PBXFileReference; fileEncoding = 4; lastKnownFileType = sourcecode.swift; path = KDCircularProgress.swift; sourceTree = "<group>"; };
		0B64ECFF1CF070BA007330A5 /* SettingViewController.swift */ = {isa = PBXFileReference; fileEncoding = 4; lastKnownFileType = sourcecode.swift; path = SettingViewController.swift; sourceTree = "<group>"; };
		0BB6E3A91CF0B4EA00203411 /* ConfirmationOfRegistrationViewController.swift */ = {isa = PBXFileReference; fileEncoding = 4; lastKnownFileType = sourcecode.swift; path = ConfirmationOfRegistrationViewController.swift; sourceTree = "<group>"; };
		0BB6E3AB1CF0CF3F00203411 /* ValidatteStudentIDViewController.swift */ = {isa = PBXFileReference; fileEncoding = 4; lastKnownFileType = sourcecode.swift; path = ValidatteStudentIDViewController.swift; sourceTree = "<group>"; };
		0BE6FE5F1CDFA25900A5849A /* MustDoViewController.swift */ = {isa = PBXFileReference; fileEncoding = 4; lastKnownFileType = sourcecode.swift; name = MustDoViewController.swift; path = ../MustDoViewController.swift; sourceTree = "<group>"; };
		0BE6FE611CDFAAD100A5849A /* RegistrationWithGrazViewController.swift */ = {isa = PBXFileReference; fileEncoding = 4; lastKnownFileType = sourcecode.swift; path = RegistrationWithGrazViewController.swift; sourceTree = "<group>"; };
		990C6D4A1CBF94D70085F70E /* ErasmusTU.app */ = {isa = PBXFileReference; explicitFileType = wrapper.application; includeInIndex = 0; path = ErasmusTU.app; sourceTree = BUILT_PRODUCTS_DIR; };
		990C6D4D1CBF94D70085F70E /* AppDelegate.swift */ = {isa = PBXFileReference; lastKnownFileType = sourcecode.swift; path = AppDelegate.swift; sourceTree = "<group>"; };
		990C6D4F1CBF94D70085F70E /* FirstViewController.swift */ = {isa = PBXFileReference; lastKnownFileType = sourcecode.swift; path = FirstViewController.swift; sourceTree = "<group>"; };
		990C6D541CBF94D80085F70E /* Base */ = {isa = PBXFileReference; lastKnownFileType = file.storyboard; name = Base; path = Base.lproj/Main.storyboard; sourceTree = "<group>"; };
		990C6D561CBF94D80085F70E /* Assets.xcassets */ = {isa = PBXFileReference; lastKnownFileType = folder.assetcatalog; path = Assets.xcassets; sourceTree = "<group>"; };
		990C6D591CBF94D80085F70E /* Base */ = {isa = PBXFileReference; lastKnownFileType = file.storyboard; name = Base; path = Base.lproj/LaunchScreen.storyboard; sourceTree = "<group>"; };
		990C6D5B1CBF94D80085F70E /* Info.plist */ = {isa = PBXFileReference; lastKnownFileType = text.plist.xml; path = Info.plist; sourceTree = "<group>"; };
		992BD3E71D040FF9000773A1 /* s4.jpg */ = {isa = PBXFileReference; lastKnownFileType = image.jpeg; path = s4.jpg; sourceTree = "<group>"; };
		992BD3E81D040FF9000773A1 /* s5.jpg */ = {isa = PBXFileReference; lastKnownFileType = image.jpeg; path = s5.jpg; sourceTree = "<group>"; };
		992BD3ED1D041789000773A1 /* infoblue.png */ = {isa = PBXFileReference; lastKnownFileType = image.png; path = infoblue.png; sourceTree = "<group>"; };
		9937C4CF1CFDB87300F6FF8B /* Freetime Scene.swift */ = {isa = PBXFileReference; fileEncoding = 4; lastKnownFileType = sourcecode.swift; path = "Freetime Scene.swift"; sourceTree = "<group>"; };
		995E76AE1CC3B0B2004C2C85 /* TUMapAnnotations.plist */ = {isa = PBXFileReference; fileEncoding = 4; lastKnownFileType = text.plist.xml; name = TUMapAnnotations.plist; path = ../TUMapAnnotations.plist; sourceTree = "<group>"; };
		995E76B01CC3CC70004C2C85 /* Freetime.swift */ = {isa = PBXFileReference; fileEncoding = 4; lastKnownFileType = sourcecode.swift; path = Freetime.swift; sourceTree = "<group>"; };
		99C0D9D31CFF3A840020FD5F /* ESNView.swift */ = {isa = PBXFileReference; fileEncoding = 4; lastKnownFileType = sourcecode.swift; path = ESNView.swift; sourceTree = "<group>"; };
		99D338DB1CFDDC1600C49FA2 /* App_Erasmus_TU.png */ = {isa = PBXFileReference; lastKnownFileType = image.png; path = App_Erasmus_TU.png; sourceTree = "<group>"; };
		99D338DC1CFDDC1600C49FA2 /* App_ERasmus_Logo.png */ = {isa = PBXFileReference; lastKnownFileType = image.png; path = App_ERasmus_Logo.png; sourceTree = "<group>"; };
		99D338DD1CFDDC1600C49FA2 /* App_Erasmus_Free_Time.png */ = {isa = PBXFileReference; lastKnownFileType = image.png; path = App_Erasmus_Free_Time.png; sourceTree = "<group>"; };
		99D338DE1CFDDC1600C49FA2 /* App_Erasmus_MAp.png */ = {isa = PBXFileReference; lastKnownFileType = image.png; path = App_Erasmus_MAp.png; sourceTree = "<group>"; };
		99D338DF1CFDDC1600C49FA2 /* App_Erasmus_Home.png */ = {isa = PBXFileReference; lastKnownFileType = image.png; path = App_Erasmus_Home.png; sourceTree = "<group>"; };
		99D338E01CFDDC1600C49FA2 /* App_Erasmus_Information.png */ = {isa = PBXFileReference; lastKnownFileType = image.png; path = App_Erasmus_Information.png; sourceTree = "<group>"; };
		99D338E11CFDDC1600C49FA2 /* Icon_Trash.png */ = {isa = PBXFileReference; lastKnownFileType = image.png; path = Icon_Trash.png; sourceTree = "<group>"; };
		99D338E21CFDDC1600C49FA2 /* Icon_X.png */ = {isa = PBXFileReference; lastKnownFileType = image.png; path = Icon_X.png; sourceTree = "<group>"; };
		99D338ED1CFDE33E00C49FA2 /* Settings-50.png */ = {isa = PBXFileReference; lastKnownFileType = image.png; path = "Settings-50.png"; sourceTree = "<group>"; };
		99D9F5301CFED35D003A837E /* SportsView.swift */ = {isa = PBXFileReference; fileEncoding = 4; lastKnownFileType = sourcecode.swift; path = SportsView.swift; sourceTree = "<group>"; };
		99D9F5321CFED6DE003A837E /* SportCollectionViewCell.swift */ = {isa = PBXFileReference; fileEncoding = 4; lastKnownFileType = sourcecode.swift; path = SportCollectionViewCell.swift; sourceTree = "<group>"; };
		99D9F5341CFED733003A837E /* SportDetailViewController.swift */ = {isa = PBXFileReference; fileEncoding = 4; lastKnownFileType = sourcecode.swift; path = SportDetailViewController.swift; sourceTree = "<group>"; };
		99D9F5361CFED8E0003A837E /* s2.jpg */ = {isa = PBXFileReference; lastKnownFileType = image.jpeg; path = s2.jpg; sourceTree = "<group>"; };
		99D9F5371CFED8E0003A837E /* s1.jpg */ = {isa = PBXFileReference; lastKnownFileType = image.jpeg; path = s1.jpg; sourceTree = "<group>"; };
		99D9F53A1CFEDF77003A837E /* s3.jpg */ = {isa = PBXFileReference; lastKnownFileType = image.jpeg; path = s3.jpg; sourceTree = "<group>"; };
		99FBEB611CBFCEC1001E5946 /* MapViewController.swift */ = {isa = PBXFileReference; fileEncoding = 4; lastKnownFileType = sourcecode.swift; path = MapViewController.swift; sourceTree = "<group>"; };
		99FCDA291CF308150094D373 /* MapOptions.swift */ = {isa = PBXFileReference; fileEncoding = 4; lastKnownFileType = sourcecode.swift; path = MapOptions.swift; sourceTree = "<group>"; };
		99FCDA2B1CF322BB0094D373 /* FreetimeAnnotations.plist */ = {isa = PBXFileReference; fileEncoding = 4; lastKnownFileType = text.plist.xml; path = FreetimeAnnotations.plist; sourceTree = "<group>"; };
		99FCDA2D1CF44A9E0094D373 /* RestaurantView.swift */ = {isa = PBXFileReference; fileEncoding = 4; lastKnownFileType = sourcecode.swift; path = RestaurantView.swift; sourceTree = "<group>"; };
		D015B7F71CEF339D00CBE874 /* TUMainViewController.swift */ = {isa = PBXFileReference; fileEncoding = 4; lastKnownFileType = sourcecode.swift; name = TUMainViewController.swift; path = ../TUMainViewController.swift; sourceTree = "<group>"; };
		D015B7F91CEF6A5F00CBE874 /* DepartmentCoordViewController.swift */ = {isa = PBXFileReference; fileEncoding = 4; lastKnownFileType = sourcecode.swift; path = DepartmentCoordViewController.swift; sourceTree = "<group>"; };
		D06436851CEB427100AEAE1E /* Alte.gif */ = {isa = PBXFileReference; lastKnownFileType = image.gif; path = Alte.gif; sourceTree = "<group>"; };
		D06436891CEB6C0D00AEAE1E /* AlteControllerViewController.swift */ = {isa = PBXFileReference; fileEncoding = 4; lastKnownFileType = sourcecode.swift; path = AlteControllerViewController.swift; sourceTree = "<group>"; };
		D064368F1CEB781F00AEAE1E /* Gitte.png */ = {isa = PBXFileReference; lastKnownFileType = image.png; path = Gitte.png; sourceTree = "<group>"; };
		D06436911CEB785700AEAE1E /* Barbara.png */ = {isa = PBXFileReference; lastKnownFileType = image.png; path = Barbara.png; sourceTree = "<group>"; };
		D06436931CEB786C00AEAE1E /* maria.png */ = {isa = PBXFileReference; lastKnownFileType = image.png; path = maria.png; sourceTree = "<group>"; };
		D06436951CEB788100AEAE1E /* anja.png */ = {isa = PBXFileReference; lastKnownFileType = image.png; path = anja.png; sourceTree = "<group>"; };
		D06436971CEB807800AEAE1E /* call.png */ = {isa = PBXFileReference; lastKnownFileType = image.png; path = call.png; sourceTree = "<group>"; };
		D06436991CEB818300AEAE1E /* call1.png */ = {isa = PBXFileReference; lastKnownFileType = image.png; path = call1.png; sourceTree = "<group>"; };
		D064369C1CEB82C000AEAE1E /* email */ = {isa = PBXFileReference; explicitFileType = image.png; path = email; sourceTree = "<group>"; };
		D0776A801D01AC100085BDF8 /* mapinfeld.gif */ = {isa = PBXFileReference; lastKnownFileType = image.gif; path = mapinfeld.gif; sourceTree = "<group>"; };
		D0ABF8CC1D01FB730074EFA1 /* MessageUI.framework */ = {isa = PBXFileReference; lastKnownFileType = wrapper.framework; name = MessageUI.framework; path = System/Library/Frameworks/MessageUI.framework; sourceTree = SDKROOT; };
		D0CDDD8B1CED031C0015E19A /* InternationalOfficeViewController.swift */ = {isa = PBXFileReference; fileEncoding = 4; lastKnownFileType = sourcecode.swift; path = InternationalOfficeViewController.swift; sourceTree = "<group>"; };
		D0CDDD8F1CED243D0015E19A /* TUOnlineViewController.swift */ = {isa = PBXFileReference; fileEncoding = 4; lastKnownFileType = sourcecode.swift; path = TUOnlineViewController.swift; sourceTree = "<group>"; };
		D0CDDD911CED8E650015E19A /* CourseRegistrationViewController.swift */ = {isa = PBXFileReference; fileEncoding = 4; lastKnownFileType = sourcecode.swift; name = CourseRegistrationViewController.swift; path = ../CourseRegistrationViewController.swift; sourceTree = "<group>"; };
		D0CDDD961CEDA2FB0015E19A /* TUTutorialViewController.swift */ = {isa = PBXFileReference; fileEncoding = 4; lastKnownFileType = sourcecode.swift; path = TUTutorialViewController.swift; sourceTree = "<group>"; };
		D0CDDD981CEDA3E30015E19A /* TUonline.pdf */ = {isa = PBXFileReference; lastKnownFileType = image.pdf; path = TUonline.pdf; sourceTree = "<group>"; };
		D0CDDD9A1CEDBAFA0015E19A /* email1.png */ = {isa = PBXFileReference; lastKnownFileType = image.png; path = email1.png; sourceTree = "<group>"; };
		D0CDDD9C1CEDBBA30015E19A /* icon-locatie.png */ = {isa = PBXFileReference; lastKnownFileType = image.png; path = "icon-locatie.png"; sourceTree = "<group>"; };
		D0CDDE021CEE749D0015E19A /* phone-call.png */ = {isa = PBXFileReference; lastKnownFileType = image.png; path = "phone-call.png"; sourceTree = "<group>"; };
		D0CF05571CFF6830000E1C0F /* PhoneViewController.swift */ = {isa = PBXFileReference; fileEncoding = 4; lastKnownFileType = sourcecode.swift; path = PhoneViewController.swift; sourceTree = "<group>"; };
		D0CF055B1CFF6A10000E1C0F /* HousingViewController.swift */ = {isa = PBXFileReference; fileEncoding = 4; lastKnownFileType = sourcecode.swift; path = HousingViewController.swift; sourceTree = "<group>"; };
		D0CF34991CEF79BB0080F784 /* registerCourse.pdf */ = {isa = PBXFileReference; lastKnownFileType = image.pdf; path = registerCourse.pdf; sourceTree = "<group>"; };
		D0DE5F9B1CF45269004FA3A2 /* Neue.gif */ = {isa = PBXFileReference; lastKnownFileType = image.gif; path = Neue.gif; sourceTree = "<group>"; };
		D0DE5F9D1CF4542C004FA3A2 /* DepartmentInfoViewController.swift */ = {isa = PBXFileReference; fileEncoding = 4; lastKnownFileType = sourcecode.swift; path = DepartmentInfoViewController.swift; sourceTree = "<group>"; };
		D0E529F51CFF4DF200672D03 /* UsefulViewController.swift */ = {isa = PBXFileReference; fileEncoding = 4; lastKnownFileType = sourcecode.swift; path = UsefulViewController.swift; sourceTree = "<group>"; };
/* End PBXFileReference section */

/* Begin PBXFrameworksBuildPhase section */
		990C6D471CBF94D70085F70E /* Frameworks */ = {
			isa = PBXFrameworksBuildPhase;
			buildActionMask = 2147483647;
			files = (
				D0ABF8CD1D01FB730074EFA1 /* MessageUI.framework in Frameworks */,
			);
			runOnlyForDeploymentPostprocessing = 0;
		};
/* End PBXFrameworksBuildPhase section */

/* Begin PBXGroup section */
		990C6D411CBF94D70085F70E = {
			isa = PBXGroup;
			children = (
				D0ABF8CC1D01FB730074EFA1 /* MessageUI.framework */,
				990C6D4C1CBF94D70085F70E /* ErasmusTU */,
				990C6D4B1CBF94D70085F70E /* Products */,
			);
			sourceTree = "<group>";
		};
		990C6D4B1CBF94D70085F70E /* Products */ = {
			isa = PBXGroup;
			children = (
				990C6D4A1CBF94D70085F70E /* ErasmusTU.app */,
			);
			name = Products;
			sourceTree = "<group>";
		};
		990C6D4C1CBF94D70085F70E /* ErasmusTU */ = {
			isa = PBXGroup;
			children = (
				990C6D4D1CBF94D70085F70E /* AppDelegate.swift */,
				990C6D4F1CBF94D70085F70E /* FirstViewController.swift */,
				D0CDDD911CED8E650015E19A /* CourseRegistrationViewController.swift */,
				0BE6FE5F1CDFA25900A5849A /* MustDoViewController.swift */,
				0B64ECFD1CF00789007330A5 /* KDCircularProgress.swift */,
				D06436891CEB6C0D00AEAE1E /* AlteControllerViewController.swift */,
				D015B7F71CEF339D00CBE874 /* TUMainViewController.swift */,
				990C6D531CBF94D80085F70E /* Main.storyboard */,
				99C0D9D31CFF3A840020FD5F /* ESNView.swift */,
				99D9F5321CFED6DE003A837E /* SportCollectionViewCell.swift */,
				99D9F5341CFED733003A837E /* SportDetailViewController.swift */,
				99D9F5301CFED35D003A837E /* SportsView.swift */,
				0B5DB7401CFE29B100E85B99 /* HomeNavigationViewController.swift */,
				0B5DB73E1CFE175300E85B99 /* AchievmentsViewController.swift */,
				D0CF055B1CFF6A10000E1C0F /* HousingViewController.swift */,
				D0CF05571CFF6830000E1C0F /* PhoneViewController.swift */,
				D0E529F51CFF4DF200672D03 /* UsefulViewController.swift */,
				0BB6E3AB1CF0CF3F00203411 /* ValidatteStudentIDViewController.swift */,
				0BB6E3A91CF0B4EA00203411 /* ConfirmationOfRegistrationViewController.swift */,
				0B64ECFF1CF070BA007330A5 /* SettingViewController.swift */,
				0B64ECF91CEF9DCD007330A5 /* MeldezettelViewController.swift */,
				0B64ECF71CEF9332007330A5 /* RegisterCourseViewController.swift */,
				0B64ECF51CEF927D007330A5 /* SendVisaViewController.swift */,
				0B64ECF31CEF9156007330A5 /* StudentUnionFeeViewController.swift */,
				D015B7F91CEF6A5F00CBE874 /* DepartmentCoordViewController.swift */,
				D0DE5F9D1CF4542C004FA3A2 /* DepartmentInfoViewController.swift */,
				D0CDDD961CEDA2FB0015E19A /* TUTutorialViewController.swift */,
				D0CDDD8F1CED243D0015E19A /* TUOnlineViewController.swift */,
				D0CDDD8B1CED031C0015E19A /* InternationalOfficeViewController.swift */,
				0BE6FE611CDFAAD100A5849A /* RegistrationWithGrazViewController.swift */,
				0B64ECF11CEF90A3007330A5 /* ResidencePermitViewController.swift */,
				99FBEB611CBFCEC1001E5946 /* MapViewController.swift */,
				99FCDA291CF308150094D373 /* MapOptions.swift */,
				99FCDA2D1CF44A9E0094D373 /* RestaurantView.swift */,
				995E76B01CC3CC70004C2C85 /* Freetime.swift */,
				9937C4CF1CFDB87300F6FF8B /* Freetime Scene.swift */,
				990C6D581CBF94D80085F70E /* LaunchScreen.storyboard */,
				99FCDA2B1CF322BB0094D373 /* FreetimeAnnotations.plist */,
				995E76AE1CC3B0B2004C2C85 /* TUMapAnnotations.plist */,
				990C6D5B1CBF94D80085F70E /* Info.plist */,
				990C6D561CBF94D80085F70E /* Assets.xcassets */,
				D0CDDD931CED9BD60015E19A /* PDF */,
				D06436841CEB41E300AEAE1E /* Images */,
			);
			path = ErasmusTU;
			sourceTree = "<group>";
		};
		D06436841CEB41E300AEAE1E /* Images */ = {
			isa = PBXGroup;
			children = (
				99D338ED1CFDE33E00C49FA2 /* Settings-50.png */,
				99D338DB1CFDDC1600C49FA2 /* App_Erasmus_TU.png */,
				99D338DC1CFDDC1600C49FA2 /* App_ERasmus_Logo.png */,
				99D338DD1CFDDC1600C49FA2 /* App_Erasmus_Free_Time.png */,
				99D338DE1CFDDC1600C49FA2 /* App_Erasmus_MAp.png */,
				99D338DF1CFDDC1600C49FA2 /* App_Erasmus_Home.png */,
				99D338E01CFDDC1600C49FA2 /* App_Erasmus_Information.png */,
				99D338E11CFDDC1600C49FA2 /* Icon_Trash.png */,
				99D338E21CFDDC1600C49FA2 /* Icon_X.png */,
				D0CDDE021CEE749D0015E19A /* phone-call.png */,
				99D9F5361CFED8E0003A837E /* s2.jpg */,
				99D9F5371CFED8E0003A837E /* s1.jpg */,
				99D9F53A1CFEDF77003A837E /* s3.jpg */,
				992BD3E71D040FF9000773A1 /* s4.jpg */,
				992BD3E81D040FF9000773A1 /* s5.jpg */,
				D0CDDD9C1CEDBBA30015E19A /* icon-locatie.png */,
				992BD3ED1D041789000773A1 /* infoblue.png */,
				D0CDDD9A1CEDBAFA0015E19A /* email1.png */,
				D0776A801D01AC100085BDF8 /* mapinfeld.gif */,
				D0DE5F9B1CF45269004FA3A2 /* Neue.gif */,
				D06436971CEB807800AEAE1E /* call.png */,
				D06436991CEB818300AEAE1E /* call1.png */,
				D064369C1CEB82C000AEAE1E /* email */,
				D0CDDD9E1CEDD44F0015E19A /* Office */,
				D06436851CEB427100AEAE1E /* Alte.gif */,
			);
			name = Images;
			sourceTree = "<group>";
		};
		D0CDDD931CED9BD60015E19A /* PDF */ = {
			isa = PBXGroup;
			children = (
				D0CDDD981CEDA3E30015E19A /* TUonline.pdf */,
				D0CF34991CEF79BB0080F784 /* registerCourse.pdf */,
			);
			name = PDF;
			sourceTree = "<group>";
		};
		D0CDDD9E1CEDD44F0015E19A /* Office */ = {
			isa = PBXGroup;
			children = (
				D06436951CEB788100AEAE1E /* anja.png */,
				D06436911CEB785700AEAE1E /* Barbara.png */,
				D06436931CEB786C00AEAE1E /* maria.png */,
				D064368F1CEB781F00AEAE1E /* Gitte.png */,
			);
			name = Office;
			sourceTree = "<group>";
		};
/* End PBXGroup section */

/* Begin PBXNativeTarget section */
		990C6D491CBF94D70085F70E /* ErasmusTU */ = {
			isa = PBXNativeTarget;
			buildConfigurationList = 990C6D5E1CBF94D80085F70E /* Build configuration list for PBXNativeTarget "ErasmusTU" */;
			buildPhases = (
				990C6D461CBF94D70085F70E /* Sources */,
				990C6D471CBF94D70085F70E /* Frameworks */,
				990C6D481CBF94D70085F70E /* Resources */,
			);
			buildRules = (
			);
			dependencies = (
			);
			name = ErasmusTU;
			productName = ErasmusTU;
			productReference = 990C6D4A1CBF94D70085F70E /* ErasmusTU.app */;
			productType = "com.apple.product-type.application";
		};
/* End PBXNativeTarget section */

/* Begin PBXProject section */
		990C6D421CBF94D70085F70E /* Project object */ = {
			isa = PBXProject;
			attributes = {
				LastSwiftUpdateCheck = 0720;
				LastUpgradeCheck = 0720;
				ORGANIZATIONNAME = "Michael Gänsluckner";
				TargetAttributes = {
					990C6D491CBF94D70085F70E = {
						CreatedOnToolsVersion = 7.2.1;
						DevelopmentTeam = 5JR9SY49W8;
						SystemCapabilities = {
							com.apple.Maps.iOS = {
								enabled = 0;
							};
						};
					};
				};
			};
			buildConfigurationList = 990C6D451CBF94D70085F70E /* Build configuration list for PBXProject "ErasmusTU" */;
			compatibilityVersion = "Xcode 3.2";
			developmentRegion = English;
			hasScannedForEncodings = 0;
			knownRegions = (
				en,
				Base,
			);
			mainGroup = 990C6D411CBF94D70085F70E;
			productRefGroup = 990C6D4B1CBF94D70085F70E /* Products */;
			projectDirPath = "";
			projectRoot = "";
			targets = (
				990C6D491CBF94D70085F70E /* ErasmusTU */,
			);
		};
/* End PBXProject section */

/* Begin PBXResourcesBuildPhase section */
		990C6D481CBF94D70085F70E /* Resources */ = {
			isa = PBXResourcesBuildPhase;
			buildActionMask = 2147483647;
			files = (
				D06436961CEB788100AEAE1E /* anja.png in Resources */,
				99D338E91CFDDC1600C49FA2 /* Icon_Trash.png in Resources */,
				D06436941CEB786C00AEAE1E /* maria.png in Resources */,
				D06436921CEB785700AEAE1E /* Barbara.png in Resources */,
				99D338E41CFDDC1600C49FA2 /* App_ERasmus_Logo.png in Resources */,
				D0CDDE031CEE749D0015E19A /* phone-call.png in Resources */,
				99D9F5381CFED8E0003A837E /* s2.jpg in Resources */,
				992BD3EE1D041789000773A1 /* infoblue.png in Resources */,
				99D338E81CFDDC1600C49FA2 /* App_Erasmus_Information.png in Resources */,
				D0CF349A1CEF79BB0080F784 /* registerCourse.pdf in Resources */,
				99D338EA1CFDDC1600C49FA2 /* Icon_X.png in Resources */,
				990C6D5A1CBF94D80085F70E /* LaunchScreen.storyboard in Resources */,
				99FCDA2C1CF322BB0094D373 /* FreetimeAnnotations.plist in Resources */,
				D0776A811D01AC100085BDF8 /* mapinfeld.gif in Resources */,
				990C6D571CBF94D80085F70E /* Assets.xcassets in Resources */,
				99D338E51CFDDC1600C49FA2 /* App_Erasmus_Free_Time.png in Resources */,
				D0CDDD9D1CEDBBA30015E19A /* icon-locatie.png in Resources */,
				D06436901CEB781F00AEAE1E /* Gitte.png in Resources */,
				99D338E61CFDDC1600C49FA2 /* App_Erasmus_MAp.png in Resources */,
				D06436861CEB427100AEAE1E /* Alte.gif in Resources */,
				995E76AF1CC3B0B2004C2C85 /* TUMapAnnotations.plist in Resources */,
				D06436981CEB807800AEAE1E /* call.png in Resources */,
				99D338E31CFDDC1600C49FA2 /* App_Erasmus_TU.png in Resources */,
				D0CDDD9B1CEDBAFA0015E19A /* email1.png in Resources */,
				99D338EE1CFDE33E00C49FA2 /* Settings-50.png in Resources */,
				D064369A1CEB818300AEAE1E /* call1.png in Resources */,
				D0DE5F9C1CF45269004FA3A2 /* Neue.gif in Resources */,
				D0CDDD991CEDA3E30015E19A /* TUonline.pdf in Resources */,
				99D9F5391CFED8E0003A837E /* s1.jpg in Resources */,
				992BD3E91D040FF9000773A1 /* s4.jpg in Resources */,
				99D9F53B1CFEDF77003A837E /* s3.jpg in Resources */,
				990C6D551CBF94D80085F70E /* Main.storyboard in Resources */,
				99D338E71CFDDC1600C49FA2 /* App_Erasmus_Home.png in Resources */,
				992BD3EA1D040FF9000773A1 /* s5.jpg in Resources */,
			);
			runOnlyForDeploymentPostprocessing = 0;
		};
/* End PBXResourcesBuildPhase section */

/* Begin PBXSourcesBuildPhase section */
		990C6D461CBF94D70085F70E /* Sources */ = {
			isa = PBXSourcesBuildPhase;
			buildActionMask = 2147483647;
			files = (
				0B64ECFA1CEF9DCD007330A5 /* MeldezettelViewController.swift in Sources */,
				0B64ED001CF070BA007330A5 /* SettingViewController.swift in Sources */,
				0BB6E3AC1CF0CF3F00203411 /* ValidatteStudentIDViewController.swift in Sources */,
				99D9F5331CFED6DE003A837E /* SportCollectionViewCell.swift in Sources */,
				99FCDA2E1CF44A9E0094D373 /* RestaurantView.swift in Sources */,
				9937C4D01CFDB87300F6FF8B /* Freetime Scene.swift in Sources */,
				0B64ECF21CEF90A3007330A5 /* ResidencePermitViewController.swift in Sources */,
				D064368A1CEB6C0D00AEAE1E /* AlteControllerViewController.swift in Sources */,
				D0E529F61CFF4DF200672D03 /* UsefulViewController.swift in Sources */,
				D0DE5F9E1CF4542C004FA3A2 /* DepartmentInfoViewController.swift in Sources */,
				99C0D9D41CFF3A840020FD5F /* ESNView.swift in Sources */,
				990C6D4E1CBF94D70085F70E /* AppDelegate.swift in Sources */,
				D0CF05581CFF6830000E1C0F /* PhoneViewController.swift in Sources */,
				0BE6FE621CDFAAD100A5849A /* RegistrationWithGrazViewController.swift in Sources */,
				D015B7FA1CEF6A5F00CBE874 /* DepartmentCoordViewController.swift in Sources */,
				0B64ECFE1CF00789007330A5 /* KDCircularProgress.swift in Sources */,
				990C6D501CBF94D70085F70E /* FirstViewController.swift in Sources */,
				99D9F5351CFED733003A837E /* SportDetailViewController.swift in Sources */,
				0BB6E3AA1CF0B4EA00203411 /* ConfirmationOfRegistrationViewController.swift in Sources */,
				0B64ECF81CEF9332007330A5 /* RegisterCourseViewController.swift in Sources */,
				0B64ECF41CEF9156007330A5 /* StudentUnionFeeViewController.swift in Sources */,
				99FBEB621CBFCEC1001E5946 /* MapViewController.swift in Sources */,
				D0CDDD901CED243D0015E19A /* TUOnlineViewController.swift in Sources */,
				99FCDA2A1CF308150094D373 /* MapOptions.swift in Sources */,
				D0CDDD8C1CED031C0015E19A /* InternationalOfficeViewController.swift in Sources */,
				0BE6FE601CDFA25900A5849A /* MustDoViewController.swift in Sources */,
				D0CDDD921CED8E650015E19A /* CourseRegistrationViewController.swift in Sources */,
				995E76B11CC3CC70004C2C85 /* Freetime.swift in Sources */,
				D0CF055C1CFF6A10000E1C0F /* HousingViewController.swift in Sources */,
				D015B7F81CEF339D00CBE874 /* TUMainViewController.swift in Sources */,
				99D9F5311CFED35D003A837E /* SportsView.swift in Sources */,
				D0CDDD971CEDA2FB0015E19A /* TUTutorialViewController.swift in Sources */,
				0B5DB7411CFE29B100E85B99 /* HomeNavigationViewController.swift in Sources */,
				0B5DB73F1CFE175300E85B99 /* AchievmentsViewController.swift in Sources */,
				0B64ECF61CEF927D007330A5 /* SendVisaViewController.swift in Sources */,
			);
			runOnlyForDeploymentPostprocessing = 0;
		};
/* End PBXSourcesBuildPhase section */

/* Begin PBXVariantGroup section */
		990C6D531CBF94D80085F70E /* Main.storyboard */ = {
			isa = PBXVariantGroup;
			children = (
				990C6D541CBF94D80085F70E /* Base */,
			);
			name = Main.storyboard;
			sourceTree = "<group>";
		};
		990C6D581CBF94D80085F70E /* LaunchScreen.storyboard */ = {
			isa = PBXVariantGroup;
			children = (
				990C6D591CBF94D80085F70E /* Base */,
			);
			name = LaunchScreen.storyboard;
			sourceTree = "<group>";
		};
/* End PBXVariantGroup section */

/* Begin XCBuildConfiguration section */
		990C6D5C1CBF94D80085F70E /* Debug */ = {
			isa = XCBuildConfiguration;
			buildSettings = {
				ALWAYS_SEARCH_USER_PATHS = NO;
				CLANG_CXX_LANGUAGE_STANDARD = "gnu++0x";
				CLANG_CXX_LIBRARY = "libc++";
				CLANG_ENABLE_MODULES = YES;
				CLANG_ENABLE_OBJC_ARC = YES;
				CLANG_WARN_BOOL_CONVERSION = YES;
				CLANG_WARN_CONSTANT_CONVERSION = YES;
				CLANG_WARN_DIRECT_OBJC_ISA_USAGE = YES_ERROR;
				CLANG_WARN_EMPTY_BODY = YES;
				CLANG_WARN_ENUM_CONVERSION = YES;
				CLANG_WARN_INT_CONVERSION = YES;
				CLANG_WARN_OBJC_ROOT_CLASS = YES_ERROR;
				CLANG_WARN_UNREACHABLE_CODE = YES;
				CLANG_WARN__DUPLICATE_METHOD_MATCH = YES;
				CODE_SIGN_IDENTITY = "iPhone Developer";
				"CODE_SIGN_IDENTITY[sdk=iphoneos*]" = "iPhone Developer";
				COPY_PHASE_STRIP = NO;
				DEBUG_INFORMATION_FORMAT = dwarf;
				ENABLE_STRICT_OBJC_MSGSEND = YES;
				ENABLE_TESTABILITY = YES;
				GCC_C_LANGUAGE_STANDARD = gnu99;
				GCC_DYNAMIC_NO_PIC = NO;
				GCC_NO_COMMON_BLOCKS = YES;
				GCC_OPTIMIZATION_LEVEL = 0;
				GCC_PREPROCESSOR_DEFINITIONS = (
					"DEBUG=1",
					"$(inherited)",
				);
				GCC_WARN_64_TO_32_BIT_CONVERSION = YES;
				GCC_WARN_ABOUT_RETURN_TYPE = YES_ERROR;
				GCC_WARN_UNDECLARED_SELECTOR = YES;
				GCC_WARN_UNINITIALIZED_AUTOS = YES_AGGRESSIVE;
				GCC_WARN_UNUSED_FUNCTION = YES;
				GCC_WARN_UNUSED_VARIABLE = YES;
				IPHONEOS_DEPLOYMENT_TARGET = 9.2;
				MTL_ENABLE_DEBUG_INFO = YES;
				ONLY_ACTIVE_ARCH = YES;
				SDKROOT = iphoneos;
				SWIFT_OPTIMIZATION_LEVEL = "-Onone";
			};
			name = Debug;
		};
		990C6D5D1CBF94D80085F70E /* Release */ = {
			isa = XCBuildConfiguration;
			buildSettings = {
				ALWAYS_SEARCH_USER_PATHS = NO;
				CLANG_CXX_LANGUAGE_STANDARD = "gnu++0x";
				CLANG_CXX_LIBRARY = "libc++";
				CLANG_ENABLE_MODULES = YES;
				CLANG_ENABLE_OBJC_ARC = YES;
				CLANG_WARN_BOOL_CONVERSION = YES;
				CLANG_WARN_CONSTANT_CONVERSION = YES;
				CLANG_WARN_DIRECT_OBJC_ISA_USAGE = YES_ERROR;
				CLANG_WARN_EMPTY_BODY = YES;
				CLANG_WARN_ENUM_CONVERSION = YES;
				CLANG_WARN_INT_CONVERSION = YES;
				CLANG_WARN_OBJC_ROOT_CLASS = YES_ERROR;
				CLANG_WARN_UNREACHABLE_CODE = YES;
				CLANG_WARN__DUPLICATE_METHOD_MATCH = YES;
				CODE_SIGN_IDENTITY = "iPhone Developer";
				"CODE_SIGN_IDENTITY[sdk=iphoneos*]" = "iPhone Developer";
				COPY_PHASE_STRIP = NO;
				DEBUG_INFORMATION_FORMAT = "dwarf-with-dsym";
				ENABLE_NS_ASSERTIONS = NO;
				ENABLE_STRICT_OBJC_MSGSEND = YES;
				GCC_C_LANGUAGE_STANDARD = gnu99;
				GCC_NO_COMMON_BLOCKS = YES;
				GCC_WARN_64_TO_32_BIT_CONVERSION = YES;
				GCC_WARN_ABOUT_RETURN_TYPE = YES_ERROR;
				GCC_WARN_UNDECLARED_SELECTOR = YES;
				GCC_WARN_UNINITIALIZED_AUTOS = YES_AGGRESSIVE;
				GCC_WARN_UNUSED_FUNCTION = YES;
				GCC_WARN_UNUSED_VARIABLE = YES;
				IPHONEOS_DEPLOYMENT_TARGET = 9.2;
				MTL_ENABLE_DEBUG_INFO = NO;
				ONLY_ACTIVE_ARCH = NO;
				SDKROOT = iphoneos;
				VALIDATE_PRODUCT = YES;
			};
			name = Release;
		};
		990C6D5F1CBF94D80085F70E /* Debug */ = {
			isa = XCBuildConfiguration;
			buildSettings = {
				ASSETCATALOG_COMPILER_APPICON_NAME = AppIcon;
				CODE_SIGN_IDENTITY = "iPhone Developer";
				"CODE_SIGN_IDENTITY[sdk=iphoneos*]" = "iPhone Developer";
				INFOPLIST_FILE = ErasmusTU/Info.plist;
				IPHONEOS_DEPLOYMENT_TARGET = 9.0;
				LD_RUNPATH_SEARCH_PATHS = "$(inherited) @executable_path/Frameworks";
				PRODUCT_BUNDLE_IDENTIFIER = at.tugraz.ErasmusTU;
				PRODUCT_NAME = "$(TARGET_NAME)";
				PROVISIONING_PROFILE = "";
				TARGETED_DEVICE_FAMILY = 1;
			};
			name = Debug;
		};
		990C6D601CBF94D80085F70E /* Release */ = {
			isa = XCBuildConfiguration;
			buildSettings = {
				ASSETCATALOG_COMPILER_APPICON_NAME = AppIcon;
				CODE_SIGN_IDENTITY = "iPhone Developer";
				"CODE_SIGN_IDENTITY[sdk=iphoneos*]" = "iPhone Developer";
				INFOPLIST_FILE = ErasmusTU/Info.plist;
				IPHONEOS_DEPLOYMENT_TARGET = 9.0;
				LD_RUNPATH_SEARCH_PATHS = "$(inherited) @executable_path/Frameworks";
				PRODUCT_BUNDLE_IDENTIFIER = at.tugraz.ErasmusTU;
				PRODUCT_NAME = "$(TARGET_NAME)";
				PROVISIONING_PROFILE = "";
				TARGETED_DEVICE_FAMILY = 1;
			};
			name = Release;
		};
/* End XCBuildConfiguration section */

/* Begin XCConfigurationList section */
		990C6D451CBF94D70085F70E /* Build configuration list for PBXProject "ErasmusTU" */ = {
			isa = XCConfigurationList;
			buildConfigurations = (
				990C6D5C1CBF94D80085F70E /* Debug */,
				990C6D5D1CBF94D80085F70E /* Release */,
			);
			defaultConfigurationIsVisible = 0;
			defaultConfigurationName = Release;
		};
		990C6D5E1CBF94D80085F70E /* Build configuration list for PBXNativeTarget "ErasmusTU" */ = {
			isa = XCConfigurationList;
			buildConfigurations = (
				990C6D5F1CBF94D80085F70E /* Debug */,
				990C6D601CBF94D80085F70E /* Release */,
			);
			defaultConfigurationIsVisible = 0;
			defaultConfigurationName = Release;
		};
/* End XCConfigurationList section */
	};
	rootObject = 990C6D421CBF94D70085F70E /* Project object */;
}
